// !$*UTF8*$!
{
	archiveVersion = 1;
	classes = {
	};
	objectVersion = 46;
	objects = {

/* Begin PBXBuildFile section */
		01376A1F15BE4EA800305D99 /* Cocoa.framework in Frameworks */ = {isa = PBXBuildFile; fileRef = 01376A1E15BE4EA800305D99 /* Cocoa.framework */; };
		01376A2915BE4EA800305D99 /* InfoPlist.strings in Resources */ = {isa = PBXBuildFile; fileRef = 01376A2715BE4EA800305D99 /* InfoPlist.strings */; };
		01376A2B15BE4EA800305D99 /* main.m in Sources */ = {isa = PBXBuildFile; fileRef = 01376A2A15BE4EA800305D99 /* main.m */; };
		01376A2F15BE4EA800305D99 /* Credits.rtf in Resources */ = {isa = PBXBuildFile; fileRef = 01376A2D15BE4EA800305D99 /* Credits.rtf */; };
		01376A3215BE4EA800305D99 /* AppDelegate.m in Sources */ = {isa = PBXBuildFile; fileRef = 01376A3115BE4EA800305D99 /* AppDelegate.m */; };
		01376A3515BE4EA800305D99 /* MainMenu.xib in Resources */ = {isa = PBXBuildFile; fileRef = 01376A3315BE4EA800305D99 /* MainMenu.xib */; };
/* End PBXBuildFile section */

/* Begin PBXFileReference section */
		01376A1A15BE4EA800305D99 /* Ray-Tracer.app */ = {isa = PBXFileReference; explicitFileType = wrapper.application; includeInIndex = 0; path = "Ray-Tracer.app"; sourceTree = BUILT_PRODUCTS_DIR; };
		01376A1E15BE4EA800305D99 /* Cocoa.framework */ = {isa = PBXFileReference; lastKnownFileType = wrapper.framework; name = Cocoa.framework; path = System/Library/Frameworks/Cocoa.framework; sourceTree = SDKROOT; };
		01376A2115BE4EA800305D99 /* AppKit.framework */ = {isa = PBXFileReference; lastKnownFileType = wrapper.framework; name = AppKit.framework; path = System/Library/Frameworks/AppKit.framework; sourceTree = SDKROOT; };
		01376A2215BE4EA800305D99 /* CoreData.framework */ = {isa = PBXFileReference; lastKnownFileType = wrapper.framework; name = CoreData.framework; path = System/Library/Frameworks/CoreData.framework; sourceTree = SDKROOT; };
		01376A2315BE4EA800305D99 /* Foundation.framework */ = {isa = PBXFileReference; lastKnownFileType = wrapper.framework; name = Foundation.framework; path = System/Library/Frameworks/Foundation.framework; sourceTree = SDKROOT; };
		01376A2615BE4EA800305D99 /* Ray-Tracer-Info.plist */ = {isa = PBXFileReference; lastKnownFileType = text.plist.xml; path = "Ray-Tracer-Info.plist"; sourceTree = "<group>"; };
		01376A2815BE4EA800305D99 /* en */ = {isa = PBXFileReference; lastKnownFileType = text.plist.strings; name = en; path = en.lproj/InfoPlist.strings; sourceTree = "<group>"; };
		01376A2A15BE4EA800305D99 /* main.m */ = {isa = PBXFileReference; lastKnownFileType = sourcecode.c.objc; path = main.m; sourceTree = "<group>"; };
		01376A2C15BE4EA800305D99 /* Ray-Tracer-Prefix.pch */ = {isa = PBXFileReference; lastKnownFileType = sourcecode.c.h; path = "Ray-Tracer-Prefix.pch"; sourceTree = "<group>"; };
		01376A2E15BE4EA800305D99 /* en */ = {isa = PBXFileReference; lastKnownFileType = text.rtf; name = en; path = en.lproj/Credits.rtf; sourceTree = "<group>"; };
		01376A3015BE4EA800305D99 /* AppDelegate.h */ = {isa = PBXFileReference; lastKnownFileType = sourcecode.c.h; path = AppDelegate.h; sourceTree = "<group>"; };
		01376A3115BE4EA800305D99 /* AppDelegate.m */ = {isa = PBXFileReference; lastKnownFileType = sourcecode.c.objc; path = AppDelegate.m; sourceTree = "<group>"; };
		01376A3415BE4EA800305D99 /* en */ = {isa = PBXFileReference; lastKnownFileType = file.xib; name = en; path = en.lproj/MainMenu.xib; sourceTree = "<group>"; };
/* End PBXFileReference section */

/* Begin PBXFrameworksBuildPhase section */
		01376A1715BE4EA800305D99 /* Frameworks */ = {
			isa = PBXFrameworksBuildPhase;
			buildActionMask = 2147483647;
			files = (
				01376A1F15BE4EA800305D99 /* Cocoa.framework in Frameworks */,
			);
			runOnlyForDeploymentPostprocessing = 0;
		};
/* End PBXFrameworksBuildPhase section */

/* Begin PBXGroup section */
		01376A0F15BE4EA800305D99 = {
			isa = PBXGroup;
			children = (
				01376A2415BE4EA800305D99 /* Ray-Tracer */,
				01376A1D15BE4EA800305D99 /* Frameworks */,
				01376A1B15BE4EA800305D99 /* Products */,
			);
			sourceTree = "<group>";
		};
		01376A1B15BE4EA800305D99 /* Products */ = {
			isa = PBXGroup;
			children = (
				01376A1A15BE4EA800305D99 /* Ray-Tracer.app */,
			);
			name = Products;
			sourceTree = "<group>";
		};
		01376A1D15BE4EA800305D99 /* Frameworks */ = {
			isa = PBXGroup;
			children = (
				01376A1E15BE4EA800305D99 /* Cocoa.framework */,
				01376A2015BE4EA800305D99 /* Other Frameworks */,
			);
			name = Frameworks;
			sourceTree = "<group>";
		};
		01376A2015BE4EA800305D99 /* Other Frameworks */ = {
			isa = PBXGroup;
			children = (
				01376A2115BE4EA800305D99 /* AppKit.framework */,
				01376A2215BE4EA800305D99 /* CoreData.framework */,
				01376A2315BE4EA800305D99 /* Foundation.framework */,
			);
			name = "Other Frameworks";
			sourceTree = "<group>";
		};
		01376A2415BE4EA800305D99 /* Ray-Tracer */ = {
			isa = PBXGroup;
			children = (
				01376A3015BE4EA800305D99 /* AppDelegate.h */,
				01376A3115BE4EA800305D99 /* AppDelegate.m */,
				01376A3315BE4EA800305D99 /* MainMenu.xib */,
				01376A2515BE4EA800305D99 /* Supporting Files */,
			);
			path = "Ray-Tracer";
			sourceTree = "<group>";
		};
		01376A2515BE4EA800305D99 /* Supporting Files */ = {
			isa = PBXGroup;
			children = (
				01376A2615BE4EA800305D99 /* Ray-Tracer-Info.plist */,
				01376A2715BE4EA800305D99 /* InfoPlist.strings */,
				01376A2A15BE4EA800305D99 /* main.m */,
				01376A2C15BE4EA800305D99 /* Ray-Tracer-Prefix.pch */,
				01376A2D15BE4EA800305D99 /* Credits.rtf */,
			);
			name = "Supporting Files";
			sourceTree = "<group>";
		};
/* End PBXGroup section */

/* Begin PBXNativeTarget section */
		01376A1915BE4EA800305D99 /* Ray-Tracer */ = {
			isa = PBXNativeTarget;
			buildConfigurationList = 01376A3815BE4EA800305D99 /* Build configuration list for PBXNativeTarget "Ray-Tracer" */;
			buildPhases = (
				01376A1615BE4EA800305D99 /* Sources */,
				01376A1715BE4EA800305D99 /* Frameworks */,
				01376A1815BE4EA800305D99 /* Resources */,
			);
			buildRules = (
			);
			dependencies = (
			);
			name = "Ray-Tracer";
			productName = "Ray-Tracer";
			productReference = 01376A1A15BE4EA800305D99 /* Ray-Tracer.app */;
			productType = "com.apple.product-type.application";
		};
/* End PBXNativeTarget section */

/* Begin PBXProject section */
		01376A1115BE4EA800305D99 /* Project object */ = {
			isa = PBXProject;
			attributes = {
				LastUpgradeCheck = 0430;
			};
			buildConfigurationList = 01376A1415BE4EA800305D99 /* Build configuration list for PBXProject "Ray-Tracer" */;
			compatibilityVersion = "Xcode 3.2";
			developmentRegion = English;
			hasScannedForEncodings = 0;
			knownRegions = (
				en,
			);
			mainGroup = 01376A0F15BE4EA800305D99;
			productRefGroup = 01376A1B15BE4EA800305D99 /* Products */;
			projectDirPath = "";
			projectRoot = "";
			targets = (
				01376A1915BE4EA800305D99 /* Ray-Tracer */,
			);
		};
/* End PBXProject section */

/* Begin PBXResourcesBuildPhase section */
		01376A1815BE4EA800305D99 /* Resources */ = {
			isa = PBXResourcesBuildPhase;
			buildActionMask = 2147483647;
			files = (
				01376A2915BE4EA800305D99 /* InfoPlist.strings in Resources */,
				01376A2F15BE4EA800305D99 /* Credits.rtf in Resources */,
				01376A3515BE4EA800305D99 /* MainMenu.xib in Resources */,
			);
			runOnlyForDeploymentPostprocessing = 0;
		};
/* End PBXResourcesBuildPhase section */

/* Begin PBXSourcesBuildPhase section */
		01376A1615BE4EA800305D99 /* Sources */ = {
			isa = PBXSourcesBuildPhase;
			buildActionMask = 2147483647;
			files = (
				01376A2B15BE4EA800305D99 /* main.m in Sources */,
				01376A3215BE4EA800305D99 /* AppDelegate.m in Sources */,
			);
			runOnlyForDeploymentPostprocessing = 0;
		};
/* End PBXSourcesBuildPhase section */

/* Begin PBXVariantGroup section */
		01376A2715BE4EA800305D99 /* InfoPlist.strings */ = {
			isa = PBXVariantGroup;
			children = (
				01376A2815BE4EA800305D99 /* en */,
			);
			name = InfoPlist.strings;
			sourceTree = "<group>";
		};
		01376A2D15BE4EA800305D99 /* Credits.rtf */ = {
			isa = PBXVariantGroup;
			children = (
				01376A2E15BE4EA800305D99 /* en */,
			);
			name = Credits.rtf;
			sourceTree = "<group>";
		};
		01376A3315BE4EA800305D99 /* MainMenu.xib */ = {
			isa = PBXVariantGroup;
			children = (
				01376A3415BE4EA800305D99 /* en */,
			);
			name = MainMenu.xib;
			sourceTree = "<group>";
		};
/* End PBXVariantGroup section */

/* Begin XCBuildConfiguration section */
		01376A3615BE4EA800305D99 /* Debug */ = {
			isa = XCBuildConfiguration;
			buildSettings = {
				ALWAYS_SEARCH_USER_PATHS = NO;
				ARCHS = "$(ARCHS_STANDARD_64_BIT)";
				COPY_PHASE_STRIP = NO;
				GCC_C_LANGUAGE_STANDARD = gnu99;
				GCC_DYNAMIC_NO_PIC = NO;
				GCC_ENABLE_OBJC_EXCEPTIONS = YES;
				GCC_OPTIMIZATION_LEVEL = 0;
				GCC_PREPROCESSOR_DEFINITIONS = (
					"DEBUG=1",
					"$(inherited)",
				);
				GCC_SYMBOLS_PRIVATE_EXTERN = NO;
				GCC_VERSION = com.apple.compilers.llvm.clang.1_0;
				GCC_WARN_64_TO_32_BIT_CONVERSION = YES;
				GCC_WARN_ABOUT_RETURN_TYPE = YES;
				GCC_WARN_UNINITIALIZED_AUTOS = YES;
				GCC_WARN_UNUSED_VARIABLE = YES;
				MACOSX_DEPLOYMENT_TARGET = 10.7;
				ONLY_ACTIVE_ARCH = YES;
				SDKROOT = macosx;
			};
			name = Debug;
		};
		01376A3715BE4EA800305D99 /* Release */ = {
			isa = XCBuildConfiguration;
			buildSettings = {
				ALWAYS_SEARCH_USER_PATHS = NO;
				ARCHS = "$(ARCHS_STANDARD_64_BIT)";
				COPY_PHASE_STRIP = YES;
				DEBUG_INFORMATION_FORMAT = "dwarf-with-dsym";
				GCC_C_LANGUAGE_STANDARD = gnu99;
				GCC_ENABLE_OBJC_EXCEPTIONS = YES;
				GCC_VERSION = com.apple.compilers.llvm.clang.1_0;
				GCC_WARN_64_TO_32_BIT_CONVERSION = YES;
				GCC_WARN_ABOUT_RETURN_TYPE = YES;
				GCC_WARN_UNINITIALIZED_AUTOS = YES;
				GCC_WARN_UNUSED_VARIABLE = YES;
				MACOSX_DEPLOYMENT_TARGET = 10.7;
				SDKROOT = macosx;
			};
			name = Release;
		};
		01376A3915BE4EA800305D99 /* Debug */ = {
			isa = XCBuildConfiguration;
			buildSettings = {
				GCC_PRECOMPILE_PREFIX_HEADER = YES;
				GCC_PREFIX_HEADER = "Ray-Tracer/Ray-Tracer-Prefix.pch";
				INFOPLIST_FILE = "Ray-Tracer/Ray-Tracer-Info.plist";
				PRODUCT_NAME = "$(TARGET_NAME)";
				WRAPPER_EXTENSION = app;
			};
			name = Debug;
		};
		01376A3A15BE4EA800305D99 /* Release */ = {
			isa = XCBuildConfiguration;
			buildSettings = {
				GCC_PRECOMPILE_PREFIX_HEADER = YES;
				GCC_PREFIX_HEADER = "Ray-Tracer/Ray-Tracer-Prefix.pch";
				INFOPLIST_FILE = "Ray-Tracer/Ray-Tracer-Info.plist";
				PRODUCT_NAME = "$(TARGET_NAME)";
				WRAPPER_EXTENSION = app;
			};
			name = Release;
		};
/* End XCBuildConfiguration section */

/* Begin XCConfigurationList section */
		01376A1415BE4EA800305D99 /* Build configuration list for PBXProject "Ray-Tracer" */ = {
			isa = XCConfigurationList;
			buildConfigurations = (
				01376A3615BE4EA800305D99 /* Debug */,
				01376A3715BE4EA800305D99 /* Release */,
			);
			defaultConfigurationIsVisible = 0;
			defaultConfigurationName = Release;
		};
		01376A3815BE4EA800305D99 /* Build configuration list for PBXNativeTarget "Ray-Tracer" */ = {
			isa = XCConfigurationList;
			buildConfigurations = (
				01376A3915BE4EA800305D99 /* Debug */,
				01376A3A15BE4EA800305D99 /* Release */,
			);
			defaultConfigurationIsVisible = 0;
		};
/* End XCConfigurationList section */
	};
	rootObject = 01376A1115BE4EA800305D99 /* Project object */;
}
